
Microsoft Visual Studio Solution File, Format Version 12.00
# Visual Studio Version 17
VisualStudioVersion = 17.11.35222.181
MinimumVisualStudioVersion = 10.0.40219.1
Project("{FAE04EC0-301F-11D3-BF4B-00C04F79EFBC}") = "Joystick", "Joystick.csproj", "{47D3CF8A-577E-43FF-AA70-0D5D58FFBB7B}"
EndProject
Global
	GlobalSection(SolutionConfigurationPlatforms) = preSolution
		Debug|Any CPU = Debug|Any CPU
		Release|Any CPU = Release|Any CPU
	EndGlobalSection
	GlobalSection(ProjectConfigurationPlatforms) = postSolution
		{47D3CF8A-577E-43FF-AA70-0D5D58FFBB7B}.Debug|Any CPU.ActiveCfg = Debug|Any CPU
		{47D3CF8A-577E-43FF-AA70-0D5D58FFBB7B}.Debug|Any CPU.Build.0 = Debug|Any CPU
		{47D3CF8A-577E-43FF-AA70-0D5D58FFBB7B}.Release|Any CPU.ActiveCfg = Release|Any CPU
		{47D3CF8A-577E-43FF-AA70-0D5D58FFBB7B}.Release|Any CPU.Build.0 = Release|Any CPU
	EndGlobalSection
	GlobalSection(SolutionProperties) = preSolution
		HideSolutionNode = FALSE
	EndGlobalSection
	GlobalSection(ExtensibilityGlobals) = postSolution
		SolutionGuid = {4E0BFF45-3939-43B8-A01A-6A5C5FE00647}
	EndGlobalSection
EndGlobal
